
Microsoft Visual Studio Solution File, Format Version 12.00
# Visual Studio Version 17
VisualStudioVersion = 17.4.33205.214
MinimumVisualStudioVersion = 10.0.40219.1
Project("{9A19103F-16F7-4668-BE54-9A1E7A4F7556}") = "CompareFiles", "CompareFiles\CompareFiles.csproj", "{E806BDA3-D953-4129-B85D-AE94670AE460}"
EndProject
Project("{FAE04EC0-301F-11D3-BF4B-00C04F79EFBC}") = "ConsoleAppComareFiles", "ConsoleAppComareFiles\ConsoleAppComareFiles.csproj", "{C90EADA4-8CE3-47FD-917E-63F2227EEBF3}"
EndProject
Project("{FAE04EC0-301F-11D3-BF4B-00C04F79EFBC}") = "WinFormsAppComareFiles", "WinFormsAppComareFiles\WinFormsAppComareFiles.csproj", "{447DB34F-B9B4-4491-A14C-7FC71672E382}"
EndProject
Global
	GlobalSection(SolutionConfigurationPlatforms) = preSolution
		Debug|Any CPU = Debug|Any CPU
		Release|Any CPU = Release|Any CPU
	EndGlobalSection
	GlobalSection(ProjectConfigurationPlatforms) = postSolution
		{E806BDA3-D953-4129-B85D-AE94670AE460}.Debug|Any CPU.ActiveCfg = Debug|Any CPU
		{E806BDA3-D953-4129-B85D-AE94670AE460}.Debug|Any CPU.Build.0 = Debug|Any CPU
		{E806BDA3-D953-4129-B85D-AE94670AE460}.Release|Any CPU.ActiveCfg = Release|Any CPU
		{E806BDA3-D953-4129-B85D-AE94670AE460}.Release|Any CPU.Build.0 = Release|Any CPU
		{C90EADA4-8CE3-47FD-917E-63F2227EEBF3}.Debug|Any CPU.ActiveCfg = Debug|Any CPU
		{C90EADA4-8CE3-47FD-917E-63F2227EEBF3}.Debug|Any CPU.Build.0 = Debug|Any CPU
		{C90EADA4-8CE3-47FD-917E-63F2227EEBF3}.Release|Any CPU.ActiveCfg = Release|Any CPU
		{C90EADA4-8CE3-47FD-917E-63F2227EEBF3}.Release|Any CPU.Build.0 = Release|Any CPU
		{447DB34F-B9B4-4491-A14C-7FC71672E382}.Debug|Any CPU.ActiveCfg = Debug|Any CPU
		{447DB34F-B9B4-4491-A14C-7FC71672E382}.Debug|Any CPU.Build.0 = Debug|Any CPU
		{447DB34F-B9B4-4491-A14C-7FC71672E382}.Release|Any CPU.ActiveCfg = Release|Any CPU
		{447DB34F-B9B4-4491-A14C-7FC71672E382}.Release|Any CPU.Build.0 = Release|Any CPU
	EndGlobalSection
	GlobalSection(SolutionProperties) = preSolution
		HideSolutionNode = FALSE
	EndGlobalSection
	GlobalSection(ExtensibilityGlobals) = postSolution
		SolutionGuid = {F35FB0E3-A45A-4543-B7B8-0831E51BAD5A}
	EndGlobalSection
EndGlobal
