
Microsoft Visual Studio Solution File, Format Version 12.00
# Visual Studio Version 17
VisualStudioVersion = 17.9.34607.119
MinimumVisualStudioVersion = 10.0.40219.1
Project("{9A19103F-16F7-4668-BE54-9A1E7A4F7556}") = "BlazorApp", "BlazorApp.csproj", "{3559DC32-0B9C-4687-8D0B-BD967885F8A0}"
EndProject
Project("{9A19103F-16F7-4668-BE54-9A1E7A4F7556}") = "BlazorApp.Client", "..\BlazorApp.Client\BlazorApp.Client.csproj", "{742AF301-FEA0-44C4-8242-E2F7C39BD3D1}"
EndProject
Global
	GlobalSection(SolutionConfigurationPlatforms) = preSolution
		Debug|Any CPU = Debug|Any CPU
		Release|Any CPU = Release|Any CPU
	EndGlobalSection
	GlobalSection(ProjectConfigurationPlatforms) = postSolution
		{3559DC32-0B9C-4687-8D0B-BD967885F8A0}.Debug|Any CPU.ActiveCfg = Debug|Any CPU
		{3559DC32-0B9C-4687-8D0B-BD967885F8A0}.Debug|Any CPU.Build.0 = Debug|Any CPU
		{3559DC32-0B9C-4687-8D0B-BD967885F8A0}.Release|Any CPU.ActiveCfg = Release|Any CPU
		{3559DC32-0B9C-4687-8D0B-BD967885F8A0}.Release|Any CPU.Build.0 = Release|Any CPU
		{742AF301-FEA0-44C4-8242-E2F7C39BD3D1}.Debug|Any CPU.ActiveCfg = Debug|Any CPU
		{742AF301-FEA0-44C4-8242-E2F7C39BD3D1}.Debug|Any CPU.Build.0 = Debug|Any CPU
		{742AF301-FEA0-44C4-8242-E2F7C39BD3D1}.Release|Any CPU.ActiveCfg = Release|Any CPU
		{742AF301-FEA0-44C4-8242-E2F7C39BD3D1}.Release|Any CPU.Build.0 = Release|Any CPU
	EndGlobalSection
	GlobalSection(SolutionProperties) = preSolution
		HideSolutionNode = FALSE
	EndGlobalSection
	GlobalSection(ExtensibilityGlobals) = postSolution
		SolutionGuid = {117F6496-D324-46EE-813C-E3799ACD4C42}
	EndGlobalSection
EndGlobal
