
Microsoft Visual Studio Solution File, Format Version 12.00
# Visual Studio Version 17
VisualStudioVersion = 17.14.36127.28 d17.14
MinimumVisualStudioVersion = 10.0.40219.1
Project("{54A90642-561A-4BB1-A94E-469ADEE60C69}") = "quand.client", "quand.client.esproj", "{8DA11FFC-483F-A1AA-A6DD-40B9EC35C38A}"
EndProject
Global
	GlobalSection(SolutionConfigurationPlatforms) = preSolution
		Debug|Any CPU = Debug|Any CPU
		Release|Any CPU = Release|Any CPU
	EndGlobalSection
	GlobalSection(ProjectConfigurationPlatforms) = postSolution
		{8DA11FFC-483F-A1AA-A6DD-40B9EC35C38A}.Debug|Any CPU.ActiveCfg = Debug|Any CPU
		{8DA11FFC-483F-A1AA-A6DD-40B9EC35C38A}.Debug|Any CPU.Build.0 = Debug|Any CPU
		{8DA11FFC-483F-A1AA-A6DD-40B9EC35C38A}.Debug|Any CPU.Deploy.0 = Debug|Any CPU
		{8DA11FFC-483F-A1AA-A6DD-40B9EC35C38A}.Release|Any CPU.ActiveCfg = Release|Any CPU
		{8DA11FFC-483F-A1AA-A6DD-40B9EC35C38A}.Release|Any CPU.Build.0 = Release|Any CPU
		{8DA11FFC-483F-A1AA-A6DD-40B9EC35C38A}.Release|Any CPU.Deploy.0 = Release|Any CPU
	EndGlobalSection
	GlobalSection(SolutionProperties) = preSolution
		HideSolutionNode = FALSE
	EndGlobalSection
	GlobalSection(ExtensibilityGlobals) = postSolution
		SolutionGuid = {268EA52E-8DA4-412A-A92E-4941A72A845D}
	EndGlobalSection
EndGlobal
