
Microsoft Visual Studio Solution File, Format Version 12.00
# Visual Studio Version 17
VisualStudioVersion = 17.14.36015.10
MinimumVisualStudioVersion = 10.0.40219.1
Project("{FAE04EC0-301F-11D3-BF4B-00C04F79EFBC}") = "FbxConverter", "FbxConverter\FbxConverter.csproj", "{47EF310F-B83A-414B-833F-E150821ECE47}"
EndProject
Project("{FAE04EC0-301F-11D3-BF4B-00C04F79EFBC}") = "ErrorHandler", "..\..\ErrorHandler\ErrorHandler.csproj", "{97C3A258-EEF0-88E7-3C8C-6D2BC795E314}"
EndProject
Project("{FAE04EC0-301F-11D3-BF4B-00C04F79EFBC}") = "CmdParser", "..\..\CmdParser\CmdParser.csproj", "{736E3CE6-2B8A-4057-999E-87834DF8D2EB}"
EndProject
Project("{FAE04EC0-301F-11D3-BF4B-00C04F79EFBC}") = "FbxParser", "..\..\..\..\..\..\..\0\0\FbxParser-master\FbxParser\FbxParser.csproj", "{8B9C3C2C-1AC4-909B-7C63-F2DA53B95CBC}"
EndProject
Project("{FAE04EC0-301F-11D3-BF4B-00C04F79EFBC}") = "ConsoleApp", "..\..\..\..\..\..\..\0\0\FbxParser-master\ConsoleApp\ConsoleApp.csproj", "{9A9D5D60-3ED9-2EBD-2C3F-54B4AFA58594}"
EndProject
Global
	GlobalSection(SolutionConfigurationPlatforms) = preSolution
		Debug|Any CPU = Debug|Any CPU
		Debug|x64 = Debug|x64
		Debug|x86 = Debug|x86
		Release|Any CPU = Release|Any CPU
		Release|x64 = Release|x64
		Release|x86 = Release|x86
	EndGlobalSection
	GlobalSection(ProjectConfigurationPlatforms) = postSolution
		{47EF310F-B83A-414B-833F-E150821ECE47}.Debug|Any CPU.ActiveCfg = Debug|Any CPU
		{47EF310F-B83A-414B-833F-E150821ECE47}.Debug|Any CPU.Build.0 = Debug|Any CPU
		{47EF310F-B83A-414B-833F-E150821ECE47}.Debug|x64.ActiveCfg = Debug|Any CPU
		{47EF310F-B83A-414B-833F-E150821ECE47}.Debug|x64.Build.0 = Debug|Any CPU
		{47EF310F-B83A-414B-833F-E150821ECE47}.Debug|x86.ActiveCfg = Debug|Any CPU
		{47EF310F-B83A-414B-833F-E150821ECE47}.Debug|x86.Build.0 = Debug|Any CPU
		{47EF310F-B83A-414B-833F-E150821ECE47}.Release|Any CPU.ActiveCfg = Release|Any CPU
		{47EF310F-B83A-414B-833F-E150821ECE47}.Release|Any CPU.Build.0 = Release|Any CPU
		{47EF310F-B83A-414B-833F-E150821ECE47}.Release|x64.ActiveCfg = Release|Any CPU
		{47EF310F-B83A-414B-833F-E150821ECE47}.Release|x64.Build.0 = Release|Any CPU
		{47EF310F-B83A-414B-833F-E150821ECE47}.Release|x86.ActiveCfg = Release|Any CPU
		{47EF310F-B83A-414B-833F-E150821ECE47}.Release|x86.Build.0 = Release|Any CPU
		{97C3A258-EEF0-88E7-3C8C-6D2BC795E314}.Debug|Any CPU.ActiveCfg = Debug|Any CPU
		{97C3A258-EEF0-88E7-3C8C-6D2BC795E314}.Debug|Any CPU.Build.0 = Debug|Any CPU
		{97C3A258-EEF0-88E7-3C8C-6D2BC795E314}.Debug|x64.ActiveCfg = Debug|Any CPU
		{97C3A258-EEF0-88E7-3C8C-6D2BC795E314}.Debug|x64.Build.0 = Debug|Any CPU
		{97C3A258-EEF0-88E7-3C8C-6D2BC795E314}.Debug|x86.ActiveCfg = Debug|Any CPU
		{97C3A258-EEF0-88E7-3C8C-6D2BC795E314}.Debug|x86.Build.0 = Debug|Any CPU
		{97C3A258-EEF0-88E7-3C8C-6D2BC795E314}.Release|Any CPU.ActiveCfg = Release|Any CPU
		{97C3A258-EEF0-88E7-3C8C-6D2BC795E314}.Release|Any CPU.Build.0 = Release|Any CPU
		{97C3A258-EEF0-88E7-3C8C-6D2BC795E314}.Release|x64.ActiveCfg = Release|Any CPU
		{97C3A258-EEF0-88E7-3C8C-6D2BC795E314}.Release|x64.Build.0 = Release|Any CPU
		{97C3A258-EEF0-88E7-3C8C-6D2BC795E314}.Release|x86.ActiveCfg = Release|Any CPU
		{97C3A258-EEF0-88E7-3C8C-6D2BC795E314}.Release|x86.Build.0 = Release|Any CPU
		{736E3CE6-2B8A-4057-999E-87834DF8D2EB}.Debug|Any CPU.ActiveCfg = Debug|Any CPU
		{736E3CE6-2B8A-4057-999E-87834DF8D2EB}.Debug|Any CPU.Build.0 = Debug|Any CPU
		{736E3CE6-2B8A-4057-999E-87834DF8D2EB}.Debug|x64.ActiveCfg = Debug|Any CPU
		{736E3CE6-2B8A-4057-999E-87834DF8D2EB}.Debug|x64.Build.0 = Debug|Any CPU
		{736E3CE6-2B8A-4057-999E-87834DF8D2EB}.Debug|x86.ActiveCfg = Debug|Any CPU
		{736E3CE6-2B8A-4057-999E-87834DF8D2EB}.Debug|x86.Build.0 = Debug|Any CPU
		{736E3CE6-2B8A-4057-999E-87834DF8D2EB}.Release|Any CPU.ActiveCfg = Release|Any CPU
		{736E3CE6-2B8A-4057-999E-87834DF8D2EB}.Release|Any CPU.Build.0 = Release|Any CPU
		{736E3CE6-2B8A-4057-999E-87834DF8D2EB}.Release|x64.ActiveCfg = Release|Any CPU
		{736E3CE6-2B8A-4057-999E-87834DF8D2EB}.Release|x64.Build.0 = Release|Any CPU
		{736E3CE6-2B8A-4057-999E-87834DF8D2EB}.Release|x86.ActiveCfg = Release|Any CPU
		{736E3CE6-2B8A-4057-999E-87834DF8D2EB}.Release|x86.Build.0 = Release|Any CPU
		{8B9C3C2C-1AC4-909B-7C63-F2DA53B95CBC}.Debug|Any CPU.ActiveCfg = Debug|Any CPU
		{8B9C3C2C-1AC4-909B-7C63-F2DA53B95CBC}.Debug|Any CPU.Build.0 = Debug|Any CPU
		{8B9C3C2C-1AC4-909B-7C63-F2DA53B95CBC}.Debug|x64.ActiveCfg = Debug|Any CPU
		{8B9C3C2C-1AC4-909B-7C63-F2DA53B95CBC}.Debug|x64.Build.0 = Debug|Any CPU
		{8B9C3C2C-1AC4-909B-7C63-F2DA53B95CBC}.Debug|x86.ActiveCfg = Debug|Any CPU
		{8B9C3C2C-1AC4-909B-7C63-F2DA53B95CBC}.Debug|x86.Build.0 = Debug|Any CPU
		{8B9C3C2C-1AC4-909B-7C63-F2DA53B95CBC}.Release|Any CPU.ActiveCfg = Release|Any CPU
		{8B9C3C2C-1AC4-909B-7C63-F2DA53B95CBC}.Release|Any CPU.Build.0 = Release|Any CPU
		{8B9C3C2C-1AC4-909B-7C63-F2DA53B95CBC}.Release|x64.ActiveCfg = Release|Any CPU
		{8B9C3C2C-1AC4-909B-7C63-F2DA53B95CBC}.Release|x64.Build.0 = Release|Any CPU
		{8B9C3C2C-1AC4-909B-7C63-F2DA53B95CBC}.Release|x86.ActiveCfg = Release|Any CPU
		{8B9C3C2C-1AC4-909B-7C63-F2DA53B95CBC}.Release|x86.Build.0 = Release|Any CPU
		{9A9D5D60-3ED9-2EBD-2C3F-54B4AFA58594}.Debug|Any CPU.ActiveCfg = Debug|Any CPU
		{9A9D5D60-3ED9-2EBD-2C3F-54B4AFA58594}.Debug|Any CPU.Build.0 = Debug|Any CPU
		{9A9D5D60-3ED9-2EBD-2C3F-54B4AFA58594}.Debug|x64.ActiveCfg = Debug|Any CPU
		{9A9D5D60-3ED9-2EBD-2C3F-54B4AFA58594}.Debug|x64.Build.0 = Debug|Any CPU
		{9A9D5D60-3ED9-2EBD-2C3F-54B4AFA58594}.Debug|x86.ActiveCfg = Debug|Any CPU
		{9A9D5D60-3ED9-2EBD-2C3F-54B4AFA58594}.Debug|x86.Build.0 = Debug|Any CPU
		{9A9D5D60-3ED9-2EBD-2C3F-54B4AFA58594}.Release|Any CPU.ActiveCfg = Release|Any CPU
		{9A9D5D60-3ED9-2EBD-2C3F-54B4AFA58594}.Release|Any CPU.Build.0 = Release|Any CPU
		{9A9D5D60-3ED9-2EBD-2C3F-54B4AFA58594}.Release|x64.ActiveCfg = Release|Any CPU
		{9A9D5D60-3ED9-2EBD-2C3F-54B4AFA58594}.Release|x64.Build.0 = Release|Any CPU
		{9A9D5D60-3ED9-2EBD-2C3F-54B4AFA58594}.Release|x86.ActiveCfg = Release|Any CPU
		{9A9D5D60-3ED9-2EBD-2C3F-54B4AFA58594}.Release|x86.Build.0 = Release|Any CPU
	EndGlobalSection
	GlobalSection(SolutionProperties) = preSolution
		HideSolutionNode = FALSE
	EndGlobalSection
	GlobalSection(ExtensibilityGlobals) = postSolution
		SolutionGuid = {32F8AB74-D5AD-4ACF-A969-D8834B0DB8BE}
	EndGlobalSection
EndGlobal
