
Microsoft Visual Studio Solution File, Format Version 12.00
# Visual Studio Version 17
VisualStudioVersion = 17.12.35417.141
MinimumVisualStudioVersion = 10.0.40219.1
Project("{FAE04EC0-301F-11D3-BF4B-00C04F79EFBC}") = "Collada", "..\Collada\Collada.csproj", "{16A10F76-4E4A-442D-BA90-3A3FB3E30EE8}"
EndProject
Project("{FAE04EC0-301F-11D3-BF4B-00C04F79EFBC}") = "Collada.Wpf", "Collada.Wpf.csproj", "{61E71D3A-1FEB-410B-BA29-12C67024D6B5}"
EndProject
Project("{FAE04EC0-301F-11D3-BF4B-00C04F79EFBC}") = "Wpf.Loader", "..\..\Wpf\Wpf.Loader\Wpf.Loader.csproj", "{347B725A-A000-4634-B395-D87577898770}"
EndProject
Project("{FAE04EC0-301F-11D3-BF4B-00C04F79EFBC}") = "Collaada.Wpf.Test", "..\Collaada.Wpf.Test\Collaada.Wpf.Test.csproj", "{1858BAB5-8E3D-432D-BB0B-919CBDE0689B}"
EndProject
Project("{FAE04EC0-301F-11D3-BF4B-00C04F79EFBC}") = "Abstract3DConverters", "..\..\3DConverters\Abstract3DConverters\Abstract3DConverters.csproj", "{473C27B0-725D-4195-A744-B81F5D26C165}"
EndProject
Project("{FAE04EC0-301F-11D3-BF4B-00C04F79EFBC}") = "PolygonTriangulation", "..\..\..\ThirdParty\PolygonTriangulation\PolygonTriangulation.csproj", "{036E5216-2CC4-4D13-9BFE-D2F49F6FB879}"
EndProject
Project("{FAE04EC0-301F-11D3-BF4B-00C04F79EFBC}") = "Collada.Wrrapper", "..\Collada.Wrrapper\Collada.Wrrapper.csproj", "{AC02C1A5-CF32-250E-5CC8-7E5A3FE32951}"
EndProject
Project("{FAE04EC0-301F-11D3-BF4B-00C04F79EFBC}") = "EarClipperLib", "..\EarClipperLib\EarClipperLib.csproj", "{A2BC3175-43CC-4214-AB0D-ADA0E18C2C5C}"
EndProject
Project("{FAE04EC0-301F-11D3-BF4B-00C04F79EFBC}") = "EarClipperTest", "..\EarClipperTest\EarClipperTest.csproj", "{C9504EDB-60AF-4E27-9F8B-19DE2D546E47}"
EndProject
Project("{FAE04EC0-301F-11D3-BF4B-00C04F79EFBC}") = "Numbers", "..\Numbers\Numbers.csproj", "{8B6E4A66-8F41-4600-AF25-E237999F9F42}"
EndProject
Project("{FAE04EC0-301F-11D3-BF4B-00C04F79EFBC}") = "EarClipperSplitter", "..\EarClipperSplitter\EarClipperSplitter.csproj", "{74BD9C35-E45D-4EEF-9EE5-85283BB559BF}"
EndProject
Project("{FAE04EC0-301F-11D3-BF4B-00C04F79EFBC}") = "Collada.Converter", "..\Collada.Converter\Collada.Converter.csproj", "{1F361EB5-E517-4F51-8CD0-A30AE1445571}"
EndProject
Global
	GlobalSection(SolutionConfigurationPlatforms) = preSolution
		Debug|Any CPU = Debug|Any CPU
		Release|Any CPU = Release|Any CPU
	EndGlobalSection
	GlobalSection(ProjectConfigurationPlatforms) = postSolution
		{16A10F76-4E4A-442D-BA90-3A3FB3E30EE8}.Debug|Any CPU.ActiveCfg = Debug|Any CPU
		{16A10F76-4E4A-442D-BA90-3A3FB3E30EE8}.Debug|Any CPU.Build.0 = Debug|Any CPU
		{16A10F76-4E4A-442D-BA90-3A3FB3E30EE8}.Release|Any CPU.ActiveCfg = Release|Any CPU
		{16A10F76-4E4A-442D-BA90-3A3FB3E30EE8}.Release|Any CPU.Build.0 = Release|Any CPU
		{61E71D3A-1FEB-410B-BA29-12C67024D6B5}.Debug|Any CPU.ActiveCfg = Debug|Any CPU
		{61E71D3A-1FEB-410B-BA29-12C67024D6B5}.Debug|Any CPU.Build.0 = Debug|Any CPU
		{61E71D3A-1FEB-410B-BA29-12C67024D6B5}.Release|Any CPU.ActiveCfg = Release|Any CPU
		{61E71D3A-1FEB-410B-BA29-12C67024D6B5}.Release|Any CPU.Build.0 = Release|Any CPU
		{347B725A-A000-4634-B395-D87577898770}.Debug|Any CPU.ActiveCfg = Debug|Any CPU
		{347B725A-A000-4634-B395-D87577898770}.Debug|Any CPU.Build.0 = Debug|Any CPU
		{347B725A-A000-4634-B395-D87577898770}.Release|Any CPU.ActiveCfg = Release|Any CPU
		{347B725A-A000-4634-B395-D87577898770}.Release|Any CPU.Build.0 = Release|Any CPU
		{1858BAB5-8E3D-432D-BB0B-919CBDE0689B}.Debug|Any CPU.ActiveCfg = Debug|Any CPU
		{1858BAB5-8E3D-432D-BB0B-919CBDE0689B}.Debug|Any CPU.Build.0 = Debug|Any CPU
		{1858BAB5-8E3D-432D-BB0B-919CBDE0689B}.Release|Any CPU.ActiveCfg = Release|Any CPU
		{1858BAB5-8E3D-432D-BB0B-919CBDE0689B}.Release|Any CPU.Build.0 = Release|Any CPU
		{473C27B0-725D-4195-A744-B81F5D26C165}.Debug|Any CPU.ActiveCfg = Debug|Any CPU
		{473C27B0-725D-4195-A744-B81F5D26C165}.Debug|Any CPU.Build.0 = Debug|Any CPU
		{473C27B0-725D-4195-A744-B81F5D26C165}.Release|Any CPU.ActiveCfg = Release|Any CPU
		{473C27B0-725D-4195-A744-B81F5D26C165}.Release|Any CPU.Build.0 = Release|Any CPU
		{036E5216-2CC4-4D13-9BFE-D2F49F6FB879}.Debug|Any CPU.ActiveCfg = Debug|Any CPU
		{036E5216-2CC4-4D13-9BFE-D2F49F6FB879}.Debug|Any CPU.Build.0 = Debug|Any CPU
		{036E5216-2CC4-4D13-9BFE-D2F49F6FB879}.Release|Any CPU.ActiveCfg = Release|Any CPU
		{036E5216-2CC4-4D13-9BFE-D2F49F6FB879}.Release|Any CPU.Build.0 = Release|Any CPU
		{AC02C1A5-CF32-250E-5CC8-7E5A3FE32951}.Debug|Any CPU.ActiveCfg = Debug|Any CPU
		{AC02C1A5-CF32-250E-5CC8-7E5A3FE32951}.Debug|Any CPU.Build.0 = Debug|Any CPU
		{AC02C1A5-CF32-250E-5CC8-7E5A3FE32951}.Release|Any CPU.ActiveCfg = Release|Any CPU
		{AC02C1A5-CF32-250E-5CC8-7E5A3FE32951}.Release|Any CPU.Build.0 = Release|Any CPU
		{A2BC3175-43CC-4214-AB0D-ADA0E18C2C5C}.Debug|Any CPU.ActiveCfg = Debug|Any CPU
		{A2BC3175-43CC-4214-AB0D-ADA0E18C2C5C}.Debug|Any CPU.Build.0 = Debug|Any CPU
		{A2BC3175-43CC-4214-AB0D-ADA0E18C2C5C}.Release|Any CPU.ActiveCfg = Release|Any CPU
		{A2BC3175-43CC-4214-AB0D-ADA0E18C2C5C}.Release|Any CPU.Build.0 = Release|Any CPU
		{C9504EDB-60AF-4E27-9F8B-19DE2D546E47}.Debug|Any CPU.ActiveCfg = Debug|Any CPU
		{C9504EDB-60AF-4E27-9F8B-19DE2D546E47}.Debug|Any CPU.Build.0 = Debug|Any CPU
		{C9504EDB-60AF-4E27-9F8B-19DE2D546E47}.Release|Any CPU.ActiveCfg = Release|Any CPU
		{C9504EDB-60AF-4E27-9F8B-19DE2D546E47}.Release|Any CPU.Build.0 = Release|Any CPU
		{8B6E4A66-8F41-4600-AF25-E237999F9F42}.Debug|Any CPU.ActiveCfg = Debug|Any CPU
		{8B6E4A66-8F41-4600-AF25-E237999F9F42}.Debug|Any CPU.Build.0 = Debug|Any CPU
		{8B6E4A66-8F41-4600-AF25-E237999F9F42}.Release|Any CPU.ActiveCfg = Release|Any CPU
		{8B6E4A66-8F41-4600-AF25-E237999F9F42}.Release|Any CPU.Build.0 = Release|Any CPU
		{74BD9C35-E45D-4EEF-9EE5-85283BB559BF}.Debug|Any CPU.ActiveCfg = Debug|Any CPU
		{74BD9C35-E45D-4EEF-9EE5-85283BB559BF}.Debug|Any CPU.Build.0 = Debug|Any CPU
		{74BD9C35-E45D-4EEF-9EE5-85283BB559BF}.Release|Any CPU.ActiveCfg = Release|Any CPU
		{74BD9C35-E45D-4EEF-9EE5-85283BB559BF}.Release|Any CPU.Build.0 = Release|Any CPU
		{1F361EB5-E517-4F51-8CD0-A30AE1445571}.Debug|Any CPU.ActiveCfg = Debug|Any CPU
		{1F361EB5-E517-4F51-8CD0-A30AE1445571}.Debug|Any CPU.Build.0 = Debug|Any CPU
		{1F361EB5-E517-4F51-8CD0-A30AE1445571}.Release|Any CPU.ActiveCfg = Release|Any CPU
		{1F361EB5-E517-4F51-8CD0-A30AE1445571}.Release|Any CPU.Build.0 = Release|Any CPU
	EndGlobalSection
	GlobalSection(SolutionProperties) = preSolution
		HideSolutionNode = FALSE
	EndGlobalSection
	GlobalSection(ExtensibilityGlobals) = postSolution
		SolutionGuid = {C70005BF-650D-4AE1-8CB9-6E462FB941AA}
	EndGlobalSection
EndGlobal
