
Microsoft Visual Studio Solution File, Format Version 12.00
# Visual Studio Version 17
VisualStudioVersion = 17.12.35417.141
MinimumVisualStudioVersion = 10.0.40219.1
Project("{FAE04EC0-301F-11D3-BF4B-00C04F79EFBC}") = "Collada", "..\Collada\Collada.csproj", "{16A10F76-4E4A-442D-BA90-3A3FB3E30EE8}"
EndProject
Project("{FAE04EC0-301F-11D3-BF4B-00C04F79EFBC}") = "Collada.Wpf", "Collada.Wpf.csproj", "{61E71D3A-1FEB-410B-BA29-12C67024D6B5}"
EndProject
Project("{FAE04EC0-301F-11D3-BF4B-00C04F79EFBC}") = "Collada.Old", "..\Collada.Old\Collada.Old.csproj", "{AFE59D09-F851-4AEA-95E7-068072935F03}"
EndProject
Project("{FAE04EC0-301F-11D3-BF4B-00C04F79EFBC}") = "Wpf.Loader", "..\..\Wpf\Wpf.Loader\Wpf.Loader.csproj", "{347B725A-A000-4634-B395-D87577898770}"
EndProject
Global
	GlobalSection(SolutionConfigurationPlatforms) = preSolution
		Debug|Any CPU = Debug|Any CPU
		Release|Any CPU = Release|Any CPU
	EndGlobalSection
	GlobalSection(ProjectConfigurationPlatforms) = postSolution
		{16A10F76-4E4A-442D-BA90-3A3FB3E30EE8}.Debug|Any CPU.ActiveCfg = Debug|Any CPU
		{16A10F76-4E4A-442D-BA90-3A3FB3E30EE8}.Debug|Any CPU.Build.0 = Debug|Any CPU
		{16A10F76-4E4A-442D-BA90-3A3FB3E30EE8}.Release|Any CPU.ActiveCfg = Release|Any CPU
		{16A10F76-4E4A-442D-BA90-3A3FB3E30EE8}.Release|Any CPU.Build.0 = Release|Any CPU
		{61E71D3A-1FEB-410B-BA29-12C67024D6B5}.Debug|Any CPU.ActiveCfg = Debug|Any CPU
		{61E71D3A-1FEB-410B-BA29-12C67024D6B5}.Debug|Any CPU.Build.0 = Debug|Any CPU
		{61E71D3A-1FEB-410B-BA29-12C67024D6B5}.Release|Any CPU.ActiveCfg = Release|Any CPU
		{61E71D3A-1FEB-410B-BA29-12C67024D6B5}.Release|Any CPU.Build.0 = Release|Any CPU
		{AFE59D09-F851-4AEA-95E7-068072935F03}.Debug|Any CPU.ActiveCfg = Debug|Any CPU
		{AFE59D09-F851-4AEA-95E7-068072935F03}.Debug|Any CPU.Build.0 = Debug|Any CPU
		{AFE59D09-F851-4AEA-95E7-068072935F03}.Release|Any CPU.ActiveCfg = Release|Any CPU
		{AFE59D09-F851-4AEA-95E7-068072935F03}.Release|Any CPU.Build.0 = Release|Any CPU
		{347B725A-A000-4634-B395-D87577898770}.Debug|Any CPU.ActiveCfg = Debug|Any CPU
		{347B725A-A000-4634-B395-D87577898770}.Debug|Any CPU.Build.0 = Debug|Any CPU
		{347B725A-A000-4634-B395-D87577898770}.Release|Any CPU.ActiveCfg = Release|Any CPU
		{347B725A-A000-4634-B395-D87577898770}.Release|Any CPU.Build.0 = Release|Any CPU
	EndGlobalSection
	GlobalSection(SolutionProperties) = preSolution
		HideSolutionNode = FALSE
	EndGlobalSection
EndGlobal
